
Microsoft Visual Studio Solution File, Format Version 12.00
# Visual Studio Version 16
VisualStudioVersion = 16.0.30717.126
MinimumVisualStudioVersion = 10.0.40219.1
Project("{FAE04EC0-301F-11D3-BF4B-00C04F79EFBC}") = "AchieveDream", "AchieveDream.csproj", "{6FEBFC48-5079-4C06-B312-A8DF704D62BB}"
EndProject
Global
	GlobalSection(SolutionConfigurationPlatforms) = preSolution
		Debug|Any CPU = Debug|Any CPU
		Release|Any CPU = Release|Any CPU
	EndGlobalSection
	GlobalSection(ProjectConfigurationPlatforms) = postSolution
		{6FEBFC48-5079-4C06-B312-A8DF704D62BB}.Debug|Any CPU.ActiveCfg = Debug|Any CPU
		{6FEBFC48-5079-4C06-B312-A8DF704D62BB}.Debug|Any CPU.Build.0 = Debug|Any CPU
		{6FEBFC48-5079-4C06-B312-A8DF704D62BB}.Release|Any CPU.ActiveCfg = Release|Any CPU
		{6FEBFC48-5079-4C06-B312-A8DF704D62BB}.Release|Any CPU.Build.0 = Release|Any CPU
	EndGlobalSection
	GlobalSection(SolutionProperties) = preSolution
		HideSolutionNode = FALSE
	EndGlobalSection
	GlobalSection(ExtensibilityGlobals) = postSolution
		SolutionGuid = {E8264769-0C41-45C2-BD40-50197BA49BF6}
	EndGlobalSection
EndGlobal
